
Microsoft Visual Studio Solution File, Format Version 12.00
# Visual Studio Version 17
VisualStudioVersion = 17.0.31903.59
MinimumVisualStudioVersion = 10.0.40219.1
Project("{2150E333-8FDC-42A3-9474-1A3956D46DE8}") = "src", "src", "{827E0CD3-B72D-47B6-A68D-7590B98EB39B}"
EndProject
Project("{FAE04EC0-301F-11D3-BF4B-00C04F79EFBC}") = "Fserp.FleetOperations.Api", "src\Fserp.FleetOperations.Api\Fserp.FleetOperations.Api.csproj", "{7BC608A8-E528-4D45-A897-1E7981BFCE0E}"
EndProject
Project("{FAE04EC0-301F-11D3-BF4B-00C04F79EFBC}") = "Fserp.FleetOperations.Infrastructure", "src\Fserp.FleetOperations.Infrastructure\Fserp.FleetOperations.Infrastructure.csproj", "{5DDA6678-26F2-432B-8DD9-B99A501D39BD}"
EndProject
Project("{2150E333-8FDC-42A3-9474-1A3956D46DE8}") = "Modules", "Modules", "{EC447DCF-ABFA-6E24-52A5-D7FD48A5C558}"
EndProject
Project("{2150E333-8FDC-42A3-9474-1A3956D46DE8}") = "Fleet", "Fleet", "{3F49F743-7069-AB78-6FAA-3B0680876963}"
EndProject
Project("{FAE04EC0-301F-11D3-BF4B-00C04F79EFBC}") = "Fserp.FleetOperations.Modules.Fleet.Contracts", "src\Modules\Fleet\Fserp.FleetOperations.Modules.Fleet.Contracts\Fserp.FleetOperations.Modules.Fleet.Contracts.csproj", "{4E137509-CFDC-4346-B921-8BBAB4D2D15E}"
EndProject
Project("{FAE04EC0-301F-11D3-BF4B-00C04F79EFBC}") = "Fserp.FleetOperations.Modules.Fleet", "src\Modules\Fleet\Fserp.FleetOperations.Modules.Fleet\Fserp.FleetOperations.Modules.Fleet.csproj", "{755CCA91-C370-4E32-959D-BA154CA3141E}"
EndProject
Project("{2150E333-8FDC-42A3-9474-1A3956D46DE8}") = "Drivers", "Drivers", "{E3B5D438-D244-E97D-D3E7-96A6D02C3987}"
EndProject
Project("{FAE04EC0-301F-11D3-BF4B-00C04F79EFBC}") = "Fserp.FleetOperations.Modules.Drivers.Contracts", "src\Modules\Drivers\Fserp.FleetOperations.Modules.Drivers.Contracts\Fserp.FleetOperations.Modules.Drivers.Contracts.csproj", "{8B33A956-82F9-4236-8DA8-B2893D8C4021}"
EndProject
Project("{FAE04EC0-301F-11D3-BF4B-00C04F79EFBC}") = "Fserp.FleetOperations.Modules.Drivers", "src\Modules\Drivers\Fserp.FleetOperations.Modules.Drivers\Fserp.FleetOperations.Modules.Drivers.csproj", "{ECF88C01-3D7E-45AE-9043-0E81DF2F801D}"
EndProject
Project("{2150E333-8FDC-42A3-9474-1A3956D46DE8}") = "Operations", "Operations", "{A397AA59-2821-886E-2BB6-905F3B3FF976}"
EndProject
Project("{FAE04EC0-301F-11D3-BF4B-00C04F79EFBC}") = "Fserp.FleetOperations.Modules.Operations", "src\Modules\Operations\Fserp.FleetOperations.Modules.Operations\Fserp.FleetOperations.Modules.Operations.csproj", "{9CB3A6AC-37CF-4BBA-9403-1F1F547241F9}"
EndProject
Project("{2150E333-8FDC-42A3-9474-1A3956D46DE8}") = "Administration", "Administration", "{CBFC7D09-D20A-3BD9-57E9-57A87E6AFCC2}"
EndProject
Project("{FAE04EC0-301F-11D3-BF4B-00C04F79EFBC}") = "Fserp.FleetOperations.Modules.Administration", "src\Modules\Administration\Fserp.FleetOperations.Modules.Administration\Fserp.FleetOperations.Modules.Administration.csproj", "{7BAC8CA2-197E-47EE-9357-AA297083F3DC}"
EndProject
Project("{2150E333-8FDC-42A3-9474-1A3956D46DE8}") = "tests", "tests", "{0AB3BF05-4346-4AA6-1389-037BE0695223}"
EndProject
Project("{FAE04EC0-301F-11D3-BF4B-00C04F79EFBC}") = "Fserp.FleetOperations.UnitTests", "tests\Fserp.FleetOperations.UnitTests\Fserp.FleetOperations.UnitTests.csproj", "{315F40E2-5E7B-4A79-A1CE-59B686C1AE7B}"
EndProject
Project("{FAE04EC0-301F-11D3-BF4B-00C04F79EFBC}") = "Fserp.FleetOperations.IntegrationTests", "tests\Fserp.FleetOperations.IntegrationTests\Fserp.FleetOperations.IntegrationTests.csproj", "{E35DE002-A3E2-4486-AE21-96F5DE8C4F2A}"
EndProject
Global
	GlobalSection(SolutionConfigurationPlatforms) = preSolution
		Debug|Any CPU = Debug|Any CPU
		Debug|x64 = Debug|x64
		Debug|x86 = Debug|x86
		Release|Any CPU = Release|Any CPU
		Release|x64 = Release|x64
		Release|x86 = Release|x86
	EndGlobalSection
	GlobalSection(ProjectConfigurationPlatforms) = postSolution
		{7BC608A8-E528-4D45-A897-1E7981BFCE0E}.Debug|Any CPU.ActiveCfg = Debug|Any CPU
		{7BC608A8-E528-4D45-A897-1E7981BFCE0E}.Debug|Any CPU.Build.0 = Debug|Any CPU
		{7BC608A8-E528-4D45-A897-1E7981BFCE0E}.Debug|x64.ActiveCfg = Debug|Any CPU
		{7BC608A8-E528-4D45-A897-1E7981BFCE0E}.Debug|x64.Build.0 = Debug|Any CPU
		{7BC608A8-E528-4D45-A897-1E7981BFCE0E}.Debug|x86.ActiveCfg = Debug|Any CPU
		{7BC608A8-E528-4D45-A897-1E7981BFCE0E}.Debug|x86.Build.0 = Debug|Any CPU
		{7BC608A8-E528-4D45-A897-1E7981BFCE0E}.Release|Any CPU.ActiveCfg = Release|Any CPU
		{7BC608A8-E528-4D45-A897-1E7981BFCE0E}.Release|Any CPU.Build.0 = Release|Any CPU
		{7BC608A8-E528-4D45-A897-1E7981BFCE0E}.Release|x64.ActiveCfg = Release|Any CPU
		{7BC608A8-E528-4D45-A897-1E7981BFCE0E}.Release|x64.Build.0 = Release|Any CPU
		{7BC608A8-E528-4D45-A897-1E7981BFCE0E}.Release|x86.ActiveCfg = Release|Any CPU
		{7BC608A8-E528-4D45-A897-1E7981BFCE0E}.Release|x86.Build.0 = Release|Any CPU
		{5DDA6678-26F2-432B-8DD9-B99A501D39BD}.Debug|Any CPU.ActiveCfg = Debug|Any CPU
		{5DDA6678-26F2-432B-8DD9-B99A501D39BD}.Debug|Any CPU.Build.0 = Debug|Any CPU
		{5DDA6678-26F2-432B-8DD9-B99A501D39BD}.Debug|x64.ActiveCfg = Debug|Any CPU
		{5DDA6678-26F2-432B-8DD9-B99A501D39BD}.Debug|x64.Build.0 = Debug|Any CPU
		{5DDA6678-26F2-432B-8DD9-B99A501D39BD}.Debug|x86.ActiveCfg = Debug|Any CPU
		{5DDA6678-26F2-432B-8DD9-B99A501D39BD}.Debug|x86.Build.0 = Debug|Any CPU
		{5DDA6678-26F2-432B-8DD9-B99A501D39BD}.Release|Any CPU.ActiveCfg = Release|Any CPU
		{5DDA6678-26F2-432B-8DD9-B99A501D39BD}.Release|Any CPU.Build.0 = Release|Any CPU
		{5DDA6678-26F2-432B-8DD9-B99A501D39BD}.Release|x64.ActiveCfg = Release|Any CPU
		{5DDA6678-26F2-432B-8DD9-B99A501D39BD}.Release|x64.Build.0 = Release|Any CPU
		{5DDA6678-26F2-432B-8DD9-B99A501D39BD}.Release|x86.ActiveCfg = Release|Any CPU
		{5DDA6678-26F2-432B-8DD9-B99A501D39BD}.Release|x86.Build.0 = Release|Any CPU
		{4E137509-CFDC-4346-B921-8BBAB4D2D15E}.Debug|Any CPU.ActiveCfg = Debug|Any CPU
		{4E137509-CFDC-4346-B921-8BBAB4D2D15E}.Debug|Any CPU.Build.0 = Debug|Any CPU
		{4E137509-CFDC-4346-B921-8BBAB4D2D15E}.Debug|x64.ActiveCfg = Debug|Any CPU
		{4E137509-CFDC-4346-B921-8BBAB4D2D15E}.Debug|x64.Build.0 = Debug|Any CPU
		{4E137509-CFDC-4346-B921-8BBAB4D2D15E}.Debug|x86.ActiveCfg = Debug|Any CPU
		{4E137509-CFDC-4346-B921-8BBAB4D2D15E}.Debug|x86.Build.0 = Debug|Any CPU
		{4E137509-CFDC-4346-B921-8BBAB4D2D15E}.Release|Any CPU.ActiveCfg = Release|Any CPU
		{4E137509-CFDC-4346-B921-8BBAB4D2D15E}.Release|Any CPU.Build.0 = Release|Any CPU
		{4E137509-CFDC-4346-B921-8BBAB4D2D15E}.Release|x64.ActiveCfg = Release|Any CPU
		{4E137509-CFDC-4346-B921-8BBAB4D2D15E}.Release|x64.Build.0 = Release|Any CPU
		{4E137509-CFDC-4346-B921-8BBAB4D2D15E}.Release|x86.ActiveCfg = Release|Any CPU
		{4E137509-CFDC-4346-B921-8BBAB4D2D15E}.Release|x86.Build.0 = Release|Any CPU
		{755CCA91-C370-4E32-959D-BA154CA3141E}.Debug|Any CPU.ActiveCfg = Debug|Any CPU
		{755CCA91-C370-4E32-959D-BA154CA3141E}.Debug|Any CPU.Build.0 = Debug|Any CPU
		{755CCA91-C370-4E32-959D-BA154CA3141E}.Debug|x64.ActiveCfg = Debug|Any CPU
		{755CCA91-C370-4E32-959D-BA154CA3141E}.Debug|x64.Build.0 = Debug|Any CPU
		{755CCA91-C370-4E32-959D-BA154CA3141E}.Debug|x86.ActiveCfg = Debug|Any CPU
		{755CCA91-C370-4E32-959D-BA154CA3141E}.Debug|x86.Build.0 = Debug|Any CPU
		{755CCA91-C370-4E32-959D-BA154CA3141E}.Release|Any CPU.ActiveCfg = Release|Any CPU
		{755CCA91-C370-4E32-959D-BA154CA3141E}.Release|Any CPU.Build.0 = Release|Any CPU
		{755CCA91-C370-4E32-959D-BA154CA3141E}.Release|x64.ActiveCfg = Release|Any CPU
		{755CCA91-C370-4E32-959D-BA154CA3141E}.Release|x64.Build.0 = Release|Any CPU
		{755CCA91-C370-4E32-959D-BA154CA3141E}.Release|x86.ActiveCfg = Release|Any CPU
		{755CCA91-C370-4E32-959D-BA154CA3141E}.Release|x86.Build.0 = Release|Any CPU
		{8B33A956-82F9-4236-8DA8-B2893D8C4021}.Debug|Any CPU.ActiveCfg = Debug|Any CPU
		{8B33A956-82F9-4236-8DA8-B2893D8C4021}.Debug|Any CPU.Build.0 = Debug|Any CPU
		{8B33A956-82F9-4236-8DA8-B2893D8C4021}.Debug|x64.ActiveCfg = Debug|Any CPU
		{8B33A956-82F9-4236-8DA8-B2893D8C4021}.Debug|x64.Build.0 = Debug|Any CPU
		{8B33A956-82F9-4236-8DA8-B2893D8C4021}.Debug|x86.ActiveCfg = Debug|Any CPU
		{8B33A956-82F9-4236-8DA8-B2893D8C4021}.Debug|x86.Build.0 = Debug|Any CPU
		{8B33A956-82F9-4236-8DA8-B2893D8C4021}.Release|Any CPU.ActiveCfg = Release|Any CPU
		{8B33A956-82F9-4236-8DA8-B2893D8C4021}.Release|Any CPU.Build.0 = Release|Any CPU
		{8B33A956-82F9-4236-8DA8-B2893D8C4021}.Release|x64.ActiveCfg = Release|Any CPU
		{8B33A956-82F9-4236-8DA8-B2893D8C4021}.Release|x64.Build.0 = Release|Any CPU
		{8B33A956-82F9-4236-8DA8-B2893D8C4021}.Release|x86.ActiveCfg = Release|Any CPU
		{8B33A956-82F9-4236-8DA8-B2893D8C4021}.Release|x86.Build.0 = Release|Any CPU
		{ECF88C01-3D7E-45AE-9043-0E81DF2F801D}.Debug|Any CPU.ActiveCfg = Debug|Any CPU
		{ECF88C01-3D7E-45AE-9043-0E81DF2F801D}.Debug|Any CPU.Build.0 = Debug|Any CPU
		{ECF88C01-3D7E-45AE-9043-0E81DF2F801D}.Debug|x64.ActiveCfg = Debug|Any CPU
		{ECF88C01-3D7E-45AE-9043-0E81DF2F801D}.Debug|x64.Build.0 = Debug|Any CPU
		{ECF88C01-3D7E-45AE-9043-0E81DF2F801D}.Debug|x86.ActiveCfg = Debug|Any CPU
		{ECF88C01-3D7E-45AE-9043-0E81DF2F801D}.Debug|x86.Build.0 = Debug|Any CPU
		{ECF88C01-3D7E-45AE-9043-0E81DF2F801D}.Release|Any CPU.ActiveCfg = Release|Any CPU
		{ECF88C01-3D7E-45AE-9043-0E81DF2F801D}.Release|Any CPU.Build.0 = Release|Any CPU
		{ECF88C01-3D7E-45AE-9043-0E81DF2F801D}.Release|x64.ActiveCfg = Release|Any CPU
		{ECF88C01-3D7E-45AE-9043-0E81DF2F801D}.Release|x64.Build.0 = Release|Any CPU
		{ECF88C01-3D7E-45AE-9043-0E81DF2F801D}.Release|x86.ActiveCfg = Release|Any CPU
		{ECF88C01-3D7E-45AE-9043-0E81DF2F801D}.Release|x86.Build.0 = Release|Any CPU
		{9CB3A6AC-37CF-4BBA-9403-1F1F547241F9}.Debug|Any CPU.ActiveCfg = Debug|Any CPU
		{9CB3A6AC-37CF-4BBA-9403-1F1F547241F9}.Debug|Any CPU.Build.0 = Debug|Any CPU
		{9CB3A6AC-37CF-4BBA-9403-1F1F547241F9}.Debug|x64.ActiveCfg = Debug|Any CPU
		{9CB3A6AC-37CF-4BBA-9403-1F1F547241F9}.Debug|x64.Build.0 = Debug|Any CPU
		{9CB3A6AC-37CF-4BBA-9403-1F1F547241F9}.Debug|x86.ActiveCfg = Debug|Any CPU
		{9CB3A6AC-37CF-4BBA-9403-1F1F547241F9}.Debug|x86.Build.0 = Debug|Any CPU
		{9CB3A6AC-37CF-4BBA-9403-1F1F547241F9}.Release|Any CPU.ActiveCfg = Release|Any CPU
		{9CB3A6AC-37CF-4BBA-9403-1F1F547241F9}.Release|Any CPU.Build.0 = Release|Any CPU
		{9CB3A6AC-37CF-4BBA-9403-1F1F547241F9}.Release|x64.ActiveCfg = Release|Any CPU
		{9CB3A6AC-37CF-4BBA-9403-1F1F547241F9}.Release|x64.Build.0 = Release|Any CPU
		{9CB3A6AC-37CF-4BBA-9403-1F1F547241F9}.Release|x86.ActiveCfg = Release|Any CPU
		{9CB3A6AC-37CF-4BBA-9403-1F1F547241F9}.Release|x86.Build.0 = Release|Any CPU
		{7BAC8CA2-197E-47EE-9357-AA297083F3DC}.Debug|Any CPU.ActiveCfg = Debug|Any CPU
		{7BAC8CA2-197E-47EE-9357-AA297083F3DC}.Debug|Any CPU.Build.0 = Debug|Any CPU
		{7BAC8CA2-197E-47EE-9357-AA297083F3DC}.Debug|x64.ActiveCfg = Debug|Any CPU
		{7BAC8CA2-197E-47EE-9357-AA297083F3DC}.Debug|x64.Build.0 = Debug|Any CPU
		{7BAC8CA2-197E-47EE-9357-AA297083F3DC}.Debug|x86.ActiveCfg = Debug|Any CPU
		{7BAC8CA2-197E-47EE-9357-AA297083F3DC}.Debug|x86.Build.0 = Debug|Any CPU
		{7BAC8CA2-197E-47EE-9357-AA297083F3DC}.Release|Any CPU.ActiveCfg = Release|Any CPU
		{7BAC8CA2-197E-47EE-9357-AA297083F3DC}.Release|Any CPU.Build.0 = Release|Any CPU
		{7BAC8CA2-197E-47EE-9357-AA297083F3DC}.Release|x64.ActiveCfg = Release|Any CPU
		{7BAC8CA2-197E-47EE-9357-AA297083F3DC}.Release|x64.Build.0 = Release|Any CPU
		{7BAC8CA2-197E-47EE-9357-AA297083F3DC}.Release|x86.ActiveCfg = Release|Any CPU
		{7BAC8CA2-197E-47EE-9357-AA297083F3DC}.Release|x86.Build.0 = Release|Any CPU
		{315F40E2-5E7B-4A79-A1CE-59B686C1AE7B}.Debug|Any CPU.ActiveCfg = Debug|Any CPU
		{315F40E2-5E7B-4A79-A1CE-59B686C1AE7B}.Debug|Any CPU.Build.0 = Debug|Any CPU
		{315F40E2-5E7B-4A79-A1CE-59B686C1AE7B}.Debug|x64.ActiveCfg = Debug|Any CPU
		{315F40E2-5E7B-4A79-A1CE-59B686C1AE7B}.Debug|x64.Build.0 = Debug|Any CPU
		{315F40E2-5E7B-4A79-A1CE-59B686C1AE7B}.Debug|x86.ActiveCfg = Debug|Any CPU
		{315F40E2-5E7B-4A79-A1CE-59B686C1AE7B}.Debug|x86.Build.0 = Debug|Any CPU
		{315F40E2-5E7B-4A79-A1CE-59B686C1AE7B}.Release|Any CPU.ActiveCfg = Release|Any CPU
		{315F40E2-5E7B-4A79-A1CE-59B686C1AE7B}.Release|Any CPU.Build.0 = Release|Any CPU
		{315F40E2-5E7B-4A79-A1CE-59B686C1AE7B}.Release|x64.ActiveCfg = Release|Any CPU
		{315F40E2-5E7B-4A79-A1CE-59B686C1AE7B}.Release|x64.Build.0 = Release|Any CPU
		{315F40E2-5E7B-4A79-A1CE-59B686C1AE7B}.Release|x86.ActiveCfg = Release|Any CPU
		{315F40E2-5E7B-4A79-A1CE-59B686C1AE7B}.Release|x86.Build.0 = Release|Any CPU
		{E35DE002-A3E2-4486-AE21-96F5DE8C4F2A}.Debug|Any CPU.ActiveCfg = Debug|Any CPU
		{E35DE002-A3E2-4486-AE21-96F5DE8C4F2A}.Debug|Any CPU.Build.0 = Debug|Any CPU
		{E35DE002-A3E2-4486-AE21-96F5DE8C4F2A}.Debug|x64.ActiveCfg = Debug|Any CPU
		{E35DE002-A3E2-4486-AE21-96F5DE8C4F2A}.Debug|x64.Build.0 = Debug|Any CPU
		{E35DE002-A3E2-4486-AE21-96F5DE8C4F2A}.Debug|x86.ActiveCfg = Debug|Any CPU
		{E35DE002-A3E2-4486-AE21-96F5DE8C4F2A}.Debug|x86.Build.0 = Debug|Any CPU
		{E35DE002-A3E2-4486-AE21-96F5DE8C4F2A}.Release|Any CPU.ActiveCfg = Release|Any CPU
		{E35DE002-A3E2-4486-AE21-96F5DE8C4F2A}.Release|Any CPU.Build.0 = Release|Any CPU
		{E35DE002-A3E2-4486-AE21-96F5DE8C4F2A}.Release|x64.ActiveCfg = Release|Any CPU
		{E35DE002-A3E2-4486-AE21-96F5DE8C4F2A}.Release|x64.Build.0 = Release|Any CPU
		{E35DE002-A3E2-4486-AE21-96F5DE8C4F2A}.Release|x86.ActiveCfg = Release|Any CPU
		{E35DE002-A3E2-4486-AE21-96F5DE8C4F2A}.Release|x86.Build.0 = Release|Any CPU
	EndGlobalSection
	GlobalSection(SolutionProperties) = preSolution
		HideSolutionNode = FALSE
	EndGlobalSection
	GlobalSection(NestedProjects) = preSolution
		{7BC608A8-E528-4D45-A897-1E7981BFCE0E} = {827E0CD3-B72D-47B6-A68D-7590B98EB39B}
		{5DDA6678-26F2-432B-8DD9-B99A501D39BD} = {827E0CD3-B72D-47B6-A68D-7590B98EB39B}
		{EC447DCF-ABFA-6E24-52A5-D7FD48A5C558} = {827E0CD3-B72D-47B6-A68D-7590B98EB39B}
		{3F49F743-7069-AB78-6FAA-3B0680876963} = {EC447DCF-ABFA-6E24-52A5-D7FD48A5C558}
		{4E137509-CFDC-4346-B921-8BBAB4D2D15E} = {3F49F743-7069-AB78-6FAA-3B0680876963}
		{755CCA91-C370-4E32-959D-BA154CA3141E} = {3F49F743-7069-AB78-6FAA-3B0680876963}
		{E3B5D438-D244-E97D-D3E7-96A6D02C3987} = {EC447DCF-ABFA-6E24-52A5-D7FD48A5C558}
		{8B33A956-82F9-4236-8DA8-B2893D8C4021} = {E3B5D438-D244-E97D-D3E7-96A6D02C3987}
		{ECF88C01-3D7E-45AE-9043-0E81DF2F801D} = {E3B5D438-D244-E97D-D3E7-96A6D02C3987}
		{A397AA59-2821-886E-2BB6-905F3B3FF976} = {EC447DCF-ABFA-6E24-52A5-D7FD48A5C558}
		{9CB3A6AC-37CF-4BBA-9403-1F1F547241F9} = {A397AA59-2821-886E-2BB6-905F3B3FF976}
		{CBFC7D09-D20A-3BD9-57E9-57A87E6AFCC2} = {EC447DCF-ABFA-6E24-52A5-D7FD48A5C558}
		{7BAC8CA2-197E-47EE-9357-AA297083F3DC} = {CBFC7D09-D20A-3BD9-57E9-57A87E6AFCC2}
		{315F40E2-5E7B-4A79-A1CE-59B686C1AE7B} = {0AB3BF05-4346-4AA6-1389-037BE0695223}
		{E35DE002-A3E2-4486-AE21-96F5DE8C4F2A} = {0AB3BF05-4346-4AA6-1389-037BE0695223}
	EndGlobalSection
EndGlobal
